
Microsoft Visual Studio Solution File, Format Version 12.00
# Visual Studio 15
VisualStudioVersion = 15.0.27004.2010
MinimumVisualStudioVersion = 10.0.40219.1
Project("{FAE04EC0-301F-11D3-BF4B-00C04F79EFBC}") = "RServicesClient", "RServicesClient\RServicesClient.csproj", "{05D0528B-199D-4398-B6E5-3254A40E8B31}"
EndProject
Project("{FAE04EC0-301F-11D3-BF4B-00C04F79EFBC}") = "RServicesClient.Core", "RServicesClient.Core\RServicesClient.Core.csproj", "{02FC8248-9A2C-4750-9681-4F382B3ED9FC}"
EndProject
Global
	GlobalSection(SolutionConfigurationPlatforms) = preSolution
		Debug|Any CPU = Debug|Any CPU
		Debug|ARM = Debug|ARM
		Debug|x64 = Debug|x64
		Debug|x86 = Debug|x86
		Release|Any CPU = Release|Any CPU
		Release|ARM = Release|ARM
		Release|x64 = Release|x64
		Release|x86 = Release|x86
	EndGlobalSection
	GlobalSection(ProjectConfigurationPlatforms) = postSolution
		{05D0528B-199D-4398-B6E5-3254A40E8B31}.Debug|Any CPU.ActiveCfg = Debug|Any CPU
		{05D0528B-199D-4398-B6E5-3254A40E8B31}.Debug|Any CPU.Build.0 = Debug|Any CPU
		{05D0528B-199D-4398-B6E5-3254A40E8B31}.Debug|ARM.ActiveCfg = Debug|Any CPU
		{05D0528B-199D-4398-B6E5-3254A40E8B31}.Debug|ARM.Build.0 = Debug|Any CPU
		{05D0528B-199D-4398-B6E5-3254A40E8B31}.Debug|x64.ActiveCfg = Debug|Any CPU
		{05D0528B-199D-4398-B6E5-3254A40E8B31}.Debug|x64.Build.0 = Debug|Any CPU
		{05D0528B-199D-4398-B6E5-3254A40E8B31}.Debug|x86.ActiveCfg = Debug|Any CPU
		{05D0528B-199D-4398-B6E5-3254A40E8B31}.Debug|x86.Build.0 = Debug|Any CPU
		{05D0528B-199D-4398-B6E5-3254A40E8B31}.Release|Any CPU.ActiveCfg = Release|Any CPU
		{05D0528B-199D-4398-B6E5-3254A40E8B31}.Release|Any CPU.Build.0 = Release|Any CPU
		{05D0528B-199D-4398-B6E5-3254A40E8B31}.Release|ARM.ActiveCfg = Release|Any CPU
		{05D0528B-199D-4398-B6E5-3254A40E8B31}.Release|ARM.Build.0 = Release|Any CPU
		{05D0528B-199D-4398-B6E5-3254A40E8B31}.Release|x64.ActiveCfg = Release|Any CPU
		{05D0528B-199D-4398-B6E5-3254A40E8B31}.Release|x64.Build.0 = Release|Any CPU
		{05D0528B-199D-4398-B6E5-3254A40E8B31}.Release|x86.ActiveCfg = Release|Any CPU
		{05D0528B-199D-4398-B6E5-3254A40E8B31}.Release|x86.Build.0 = Release|Any CPU
		{02FC8248-9A2C-4750-9681-4F382B3ED9FC}.Debug|Any CPU.ActiveCfg = Debug|Any CPU
		{02FC8248-9A2C-4750-9681-4F382B3ED9FC}.Debug|Any CPU.Build.0 = Debug|Any CPU
		{02FC8248-9A2C-4750-9681-4F382B3ED9FC}.Debug|ARM.ActiveCfg = Debug|Any CPU
		{02FC8248-9A2C-4750-9681-4F382B3ED9FC}.Debug|ARM.Build.0 = Debug|Any CPU
		{02FC8248-9A2C-4750-9681-4F382B3ED9FC}.Debug|x64.ActiveCfg = Debug|Any CPU
		{02FC8248-9A2C-4750-9681-4F382B3ED9FC}.Debug|x64.Build.0 = Debug|Any CPU
		{02FC8248-9A2C-4750-9681-4F382B3ED9FC}.Debug|x86.ActiveCfg = Debug|Any CPU
		{02FC8248-9A2C-4750-9681-4F382B3ED9FC}.Debug|x86.Build.0 = Debug|Any CPU
		{02FC8248-9A2C-4750-9681-4F382B3ED9FC}.Release|Any CPU.ActiveCfg = Release|Any CPU
		{02FC8248-9A2C-4750-9681-4F382B3ED9FC}.Release|Any CPU.Build.0 = Release|Any CPU
		{02FC8248-9A2C-4750-9681-4F382B3ED9FC}.Release|ARM.ActiveCfg = Release|Any CPU
		{02FC8248-9A2C-4750-9681-4F382B3ED9FC}.Release|ARM.Build.0 = Release|Any CPU
		{02FC8248-9A2C-4750-9681-4F382B3ED9FC}.Release|x64.ActiveCfg = Release|Any CPU
		{02FC8248-9A2C-4750-9681-4F382B3ED9FC}.Release|x64.Build.0 = Release|Any CPU
		{02FC8248-9A2C-4750-9681-4F382B3ED9FC}.Release|x86.ActiveCfg = Release|Any CPU
		{02FC8248-9A2C-4750-9681-4F382B3ED9FC}.Release|x86.Build.0 = Release|Any CPU
	EndGlobalSection
	GlobalSection(SolutionProperties) = preSolution
		HideSolutionNode = FALSE
	EndGlobalSection
	GlobalSection(ExtensibilityGlobals) = postSolution
		SolutionGuid = {09867FD2-C2BC-470B-B92C-6B3B161C4D3F}
	EndGlobalSection
EndGlobal
